
Microsoft Visual Studio Solution File, Format Version 12.00
# Visual Studio 15
VisualStudioVersion = 15.0.26730.3
MinimumVisualStudioVersion = 10.0.40219.1
Project("{FAE04EC0-301F-11D3-BF4B-00C04F79EFBC}") = "WebSiteManager", "WebSiteManager\WebSiteManager.csproj", "{4A8849CB-6FD5-467C-ACDA-B15A0473BCB9}"
EndProject
Project("{FAE04EC0-301F-11D3-BF4B-00C04F79EFBC}") = "IISClientTest", "IISClientTest\IISClientTest.csproj", "{55872680-F79C-48F2-84C0-497041FF199D}"
EndProject
Project("{FAE04EC0-301F-11D3-BF4B-00C04F79EFBC}") = "Common", "Common\Common.csproj", "{15F7CFB6-CF1C-44CC-9ECD-759E7CF75584}"
EndProject
Global
	GlobalSection(SolutionConfigurationPlatforms) = preSolution
		Debug|Any CPU = Debug|Any CPU
		Release|Any CPU = Release|Any CPU
	EndGlobalSection
	GlobalSection(ProjectConfigurationPlatforms) = postSolution
		{4A8849CB-6FD5-467C-ACDA-B15A0473BCB9}.Debug|Any CPU.ActiveCfg = Debug|Any CPU
		{4A8849CB-6FD5-467C-ACDA-B15A0473BCB9}.Debug|Any CPU.Build.0 = Debug|Any CPU
		{4A8849CB-6FD5-467C-ACDA-B15A0473BCB9}.Release|Any CPU.ActiveCfg = Release|Any CPU
		{4A8849CB-6FD5-467C-ACDA-B15A0473BCB9}.Release|Any CPU.Build.0 = Release|Any CPU
		{55872680-F79C-48F2-84C0-497041FF199D}.Debug|Any CPU.ActiveCfg = Debug|Any CPU
		{55872680-F79C-48F2-84C0-497041FF199D}.Debug|Any CPU.Build.0 = Debug|Any CPU
		{55872680-F79C-48F2-84C0-497041FF199D}.Release|Any CPU.ActiveCfg = Release|Any CPU
		{55872680-F79C-48F2-84C0-497041FF199D}.Release|Any CPU.Build.0 = Release|Any CPU
		{15F7CFB6-CF1C-44CC-9ECD-759E7CF75584}.Debug|Any CPU.ActiveCfg = Debug|Any CPU
		{15F7CFB6-CF1C-44CC-9ECD-759E7CF75584}.Debug|Any CPU.Build.0 = Debug|Any CPU
		{15F7CFB6-CF1C-44CC-9ECD-759E7CF75584}.Release|Any CPU.ActiveCfg = Release|Any CPU
		{15F7CFB6-CF1C-44CC-9ECD-759E7CF75584}.Release|Any CPU.Build.0 = Release|Any CPU
	EndGlobalSection
	GlobalSection(SolutionProperties) = preSolution
		HideSolutionNode = FALSE
	EndGlobalSection
	GlobalSection(ExtensibilityGlobals) = postSolution
		SolutionGuid = {3C1B0F5E-86AC-481C-A81D-52F5BCEC6061}
	EndGlobalSection
EndGlobal
